
Microsoft Visual Studio Solution File, Format Version 12.00
# Visual Studio Version 17
VisualStudioVersion = 17.13.35913.81
MinimumVisualStudioVersion = 10.0.40219.1
Project("{FAE04EC0-301F-11D3-BF4B-00C04F79EFBC}") = "EF_PROJE", "EF_PROJE\EF_PROJE.csproj", "{086708B4-FBA3-43B4-BF47-E07C32184699}"
EndProject
Project("{FAE04EC0-301F-11D3-BF4B-00C04F79EFBC}") = "MF_Proje", "MF_Proje\MF_Proje.csproj", "{C119DB11-2182-405E-935F-3AF20ABDB859}"
EndProject
Project("{FAE04EC0-301F-11D3-BF4B-00C04F79EFBC}") = "29mayıs2025", "29mayıs2025\29mayıs2025.csproj", "{37A939DF-2871-4908-82E7-00430BAF994A}"
EndProject
Global
	GlobalSection(SolutionConfigurationPlatforms) = preSolution
		Debug|Any CPU = Debug|Any CPU
		Release|Any CPU = Release|Any CPU
	EndGlobalSection
	GlobalSection(ProjectConfigurationPlatforms) = postSolution
		{086708B4-FBA3-43B4-BF47-E07C32184699}.Debug|Any CPU.ActiveCfg = Debug|Any CPU
		{086708B4-FBA3-43B4-BF47-E07C32184699}.Debug|Any CPU.Build.0 = Debug|Any CPU
		{086708B4-FBA3-43B4-BF47-E07C32184699}.Release|Any CPU.ActiveCfg = Release|Any CPU
		{086708B4-FBA3-43B4-BF47-E07C32184699}.Release|Any CPU.Build.0 = Release|Any CPU
		{C119DB11-2182-405E-935F-3AF20ABDB859}.Debug|Any CPU.ActiveCfg = Debug|Any CPU
		{C119DB11-2182-405E-935F-3AF20ABDB859}.Debug|Any CPU.Build.0 = Debug|Any CPU
		{C119DB11-2182-405E-935F-3AF20ABDB859}.Release|Any CPU.ActiveCfg = Release|Any CPU
		{C119DB11-2182-405E-935F-3AF20ABDB859}.Release|Any CPU.Build.0 = Release|Any CPU
		{37A939DF-2871-4908-82E7-00430BAF994A}.Debug|Any CPU.ActiveCfg = Debug|Any CPU
		{37A939DF-2871-4908-82E7-00430BAF994A}.Debug|Any CPU.Build.0 = Debug|Any CPU
		{37A939DF-2871-4908-82E7-00430BAF994A}.Release|Any CPU.ActiveCfg = Release|Any CPU
		{37A939DF-2871-4908-82E7-00430BAF994A}.Release|Any CPU.Build.0 = Release|Any CPU
	EndGlobalSection
	GlobalSection(SolutionProperties) = preSolution
		HideSolutionNode = FALSE
	EndGlobalSection
	GlobalSection(ExtensibilityGlobals) = postSolution
		SolutionGuid = {65834CB3-5076-4D87-820D-A00D5D7A34F1}
	EndGlobalSection
EndGlobal
